
Microsoft Visual Studio Solution File, Format Version 12.00
# Visual Studio Version 17
VisualStudioVersion = 17.9.34723.18
MinimumVisualStudioVersion = 10.0.40219.1
Project("{2150E333-8FDC-42A3-9474-1A3956D46DE8}") = "Services", "Services", "{0CCA33DD-6323-4A3D-BA4F-B0E0C5BEAB0A}"
EndProject
Project("{2150E333-8FDC-42A3-9474-1A3956D46DE8}") = "Catalog", "Catalog", "{24EF04B0-BC9B-4B93-8682-A17A14FDDB82}"
EndProject
Project("{9A19103F-16F7-4668-BE54-9A1E7A4F7556}") = "FreeCourse.Services.Catalog", "Services\Catalog\FreeCourse.Services.Catalog\FreeCourse.Services.Catalog.csproj", "{1A5A372A-EDD9-4FE2-ACCB-BE0D118C8F22}"
EndProject
Project("{2150E333-8FDC-42A3-9474-1A3956D46DE8}") = "Solution Items", "Solution Items", "{D72B44F7-805F-4067-B0E1-291C7330D559}"
	ProjectSection(SolutionItems) = preProject
		Port.txt = Port.txt
	EndProjectSection
EndProject
Project("{2150E333-8FDC-42A3-9474-1A3956D46DE8}") = "Shared", "Shared", "{8B7ED084-941F-469D-89D8-B77372C69108}"
EndProject
Project("{9A19103F-16F7-4668-BE54-9A1E7A4F7556}") = "FreeCourse.Shared", "Shared\FreeCourse.Shared\FreeCourse.Shared.csproj", "{21101194-02CF-4723-9782-84698854109C}"
EndProject
Project("{2150E333-8FDC-42A3-9474-1A3956D46DE8}") = "IdentityServer", "IdentityServer", "{84C47476-34DD-4101-8EB8-8DBB884E70B4}"
EndProject
Project("{9A19103F-16F7-4668-BE54-9A1E7A4F7556}") = "FreeCourse.IdentityServer", "IdentityServer\FreeCourse.IdentityServer\FreeCourse.IdentityServer.csproj", "{80DDA869-02B7-4B32-89EF-B5284570A97E}"
EndProject
Project("{2150E333-8FDC-42A3-9474-1A3956D46DE8}") = "PhotoStock", "PhotoStock", "{8BFCF10D-847F-44D7-B6AD-F7A870B001F5}"
EndProject
Project("{9A19103F-16F7-4668-BE54-9A1E7A4F7556}") = "FreeCourse.Services.PhotoStock", "Services\PhotoStock\FreeCourse.Services.PhotoStock\FreeCourse.Services.PhotoStock.csproj", "{A55EEEF5-4A23-4C9B-B714-5FBCB3F0996C}"
EndProject
Project("{2150E333-8FDC-42A3-9474-1A3956D46DE8}") = "Basket", "Basket", "{2A359502-5CFD-4EBD-AB37-601D36B03D33}"
EndProject
Project("{9A19103F-16F7-4668-BE54-9A1E7A4F7556}") = "FreeCourse.Services.Basket", "Services\Basket\FreeCourse.Services.Basket\FreeCourse.Services.Basket.csproj", "{B42DA365-3281-4D9F-9F5D-07ADA51DF381}"
EndProject
Project("{2150E333-8FDC-42A3-9474-1A3956D46DE8}") = "Discount", "Discount", "{9E3CD978-2D90-40C4-9745-DFF7D8FAB28C}"
EndProject
Project("{9A19103F-16F7-4668-BE54-9A1E7A4F7556}") = "FreeCourse.Services.Discount", "Services\Discount\FreeCourse.Services.Discount\FreeCourse.Services.Discount.csproj", "{85CC7EB7-9969-4210-B581-66E6951371D7}"
EndProject
Project("{2150E333-8FDC-42A3-9474-1A3956D46DE8}") = "Order", "Order", "{365C6176-E152-4BE1-A783-2F536625EC3B}"
EndProject
Project("{9A19103F-16F7-4668-BE54-9A1E7A4F7556}") = "FreeCourse.Services.Order.API", "Services\Order\FreeCourse.Services.Order.API\FreeCourse.Services.Order.API.csproj", "{B89A6647-15A7-4996-98AE-E262344DEF6D}"
EndProject
Project("{9A19103F-16F7-4668-BE54-9A1E7A4F7556}") = "FreeCourse.Services.Order.Application", "Services\Order\FreeCourse.Services.Order.Application\FreeCourse.Services.Order.Application.csproj", "{6864B806-192D-4A85-BA24-814258E98FC7}"
EndProject
Project("{9A19103F-16F7-4668-BE54-9A1E7A4F7556}") = "FreeCourse.Services.Order.Domain", "Services\Order\FreeCourse.Services.Order.Domain\FreeCourse.Services.Order.Domain.csproj", "{7700BCBF-3D18-40E1-A97A-90E0CD98F977}"
EndProject
Project("{9A19103F-16F7-4668-BE54-9A1E7A4F7556}") = "FreeCourse.Services.Order.Domain.Core", "Services\Order\FreeCourse.Services.Order.Domain.Core\FreeCourse.Services.Order.Domain.Core.csproj", "{DF69F46C-7E20-48F2-A346-432E867406E4}"
EndProject
Project("{9A19103F-16F7-4668-BE54-9A1E7A4F7556}") = "FreeCourse.Services.Order.Infrastructure", "Services\Order\FreeCourse.Services.Order.Infrastructure\FreeCourse.Services.Order.Infrastructure.csproj", "{73ED3322-1A11-482E-B507-010103614ADA}"
EndProject
Project("{2150E333-8FDC-42A3-9474-1A3956D46DE8}") = "FakePayment", "FakePayment", "{9DFE43E9-B3E4-4CD9-94D5-8EE2241B5D94}"
EndProject
Project("{9A19103F-16F7-4668-BE54-9A1E7A4F7556}") = "FreeCourse.Services.FakePayment", "Services\FakePayment\FreeCourse.Services.FakePayment\FreeCourse.Services.FakePayment.csproj", "{89977F4E-7F31-4681-B1A8-54E07205493B}"
EndProject
Project("{2150E333-8FDC-42A3-9474-1A3956D46DE8}") = "Gateways", "Gateways", "{27BBD002-0C07-48AE-A1B2-966DA20A474E}"
EndProject
Project("{FAE04EC0-301F-11D3-BF4B-00C04F79EFBC}") = "FreeCourse.Gateway", "Gateways\FreeCourse.Gateway\FreeCourse.Gateway.csproj", "{065719E8-A27E-4020-B598-34EED2E7C5DD}"
EndProject
Global
	GlobalSection(SolutionConfigurationPlatforms) = preSolution
		Debug|Any CPU = Debug|Any CPU
		Release|Any CPU = Release|Any CPU
	EndGlobalSection
	GlobalSection(ProjectConfigurationPlatforms) = postSolution
		{1A5A372A-EDD9-4FE2-ACCB-BE0D118C8F22}.Debug|Any CPU.ActiveCfg = Debug|Any CPU
		{1A5A372A-EDD9-4FE2-ACCB-BE0D118C8F22}.Debug|Any CPU.Build.0 = Debug|Any CPU
		{1A5A372A-EDD9-4FE2-ACCB-BE0D118C8F22}.Release|Any CPU.ActiveCfg = Release|Any CPU
		{1A5A372A-EDD9-4FE2-ACCB-BE0D118C8F22}.Release|Any CPU.Build.0 = Release|Any CPU
		{21101194-02CF-4723-9782-84698854109C}.Debug|Any CPU.ActiveCfg = Debug|Any CPU
		{21101194-02CF-4723-9782-84698854109C}.Debug|Any CPU.Build.0 = Debug|Any CPU
		{21101194-02CF-4723-9782-84698854109C}.Release|Any CPU.ActiveCfg = Release|Any CPU
		{21101194-02CF-4723-9782-84698854109C}.Release|Any CPU.Build.0 = Release|Any CPU
		{80DDA869-02B7-4B32-89EF-B5284570A97E}.Debug|Any CPU.ActiveCfg = Debug|Any CPU
		{80DDA869-02B7-4B32-89EF-B5284570A97E}.Debug|Any CPU.Build.0 = Debug|Any CPU
		{80DDA869-02B7-4B32-89EF-B5284570A97E}.Release|Any CPU.ActiveCfg = Release|Any CPU
		{80DDA869-02B7-4B32-89EF-B5284570A97E}.Release|Any CPU.Build.0 = Release|Any CPU
		{A55EEEF5-4A23-4C9B-B714-5FBCB3F0996C}.Debug|Any CPU.ActiveCfg = Debug|Any CPU
		{A55EEEF5-4A23-4C9B-B714-5FBCB3F0996C}.Debug|Any CPU.Build.0 = Debug|Any CPU
		{A55EEEF5-4A23-4C9B-B714-5FBCB3F0996C}.Release|Any CPU.ActiveCfg = Release|Any CPU
		{A55EEEF5-4A23-4C9B-B714-5FBCB3F0996C}.Release|Any CPU.Build.0 = Release|Any CPU
		{B42DA365-3281-4D9F-9F5D-07ADA51DF381}.Debug|Any CPU.ActiveCfg = Debug|Any CPU
		{B42DA365-3281-4D9F-9F5D-07ADA51DF381}.Debug|Any CPU.Build.0 = Debug|Any CPU
		{B42DA365-3281-4D9F-9F5D-07ADA51DF381}.Release|Any CPU.ActiveCfg = Release|Any CPU
		{B42DA365-3281-4D9F-9F5D-07ADA51DF381}.Release|Any CPU.Build.0 = Release|Any CPU
		{85CC7EB7-9969-4210-B581-66E6951371D7}.Debug|Any CPU.ActiveCfg = Debug|Any CPU
		{85CC7EB7-9969-4210-B581-66E6951371D7}.Debug|Any CPU.Build.0 = Debug|Any CPU
		{85CC7EB7-9969-4210-B581-66E6951371D7}.Release|Any CPU.ActiveCfg = Release|Any CPU
		{85CC7EB7-9969-4210-B581-66E6951371D7}.Release|Any CPU.Build.0 = Release|Any CPU
		{B89A6647-15A7-4996-98AE-E262344DEF6D}.Debug|Any CPU.ActiveCfg = Debug|Any CPU
		{B89A6647-15A7-4996-98AE-E262344DEF6D}.Debug|Any CPU.Build.0 = Debug|Any CPU
		{B89A6647-15A7-4996-98AE-E262344DEF6D}.Release|Any CPU.ActiveCfg = Release|Any CPU
		{B89A6647-15A7-4996-98AE-E262344DEF6D}.Release|Any CPU.Build.0 = Release|Any CPU
		{6864B806-192D-4A85-BA24-814258E98FC7}.Debug|Any CPU.ActiveCfg = Debug|Any CPU
		{6864B806-192D-4A85-BA24-814258E98FC7}.Debug|Any CPU.Build.0 = Debug|Any CPU
		{6864B806-192D-4A85-BA24-814258E98FC7}.Release|Any CPU.ActiveCfg = Release|Any CPU
		{6864B806-192D-4A85-BA24-814258E98FC7}.Release|Any CPU.Build.0 = Release|Any CPU
		{7700BCBF-3D18-40E1-A97A-90E0CD98F977}.Debug|Any CPU.ActiveCfg = Debug|Any CPU
		{7700BCBF-3D18-40E1-A97A-90E0CD98F977}.Debug|Any CPU.Build.0 = Debug|Any CPU
		{7700BCBF-3D18-40E1-A97A-90E0CD98F977}.Release|Any CPU.ActiveCfg = Release|Any CPU
		{7700BCBF-3D18-40E1-A97A-90E0CD98F977}.Release|Any CPU.Build.0 = Release|Any CPU
		{DF69F46C-7E20-48F2-A346-432E867406E4}.Debug|Any CPU.ActiveCfg = Debug|Any CPU
		{DF69F46C-7E20-48F2-A346-432E867406E4}.Debug|Any CPU.Build.0 = Debug|Any CPU
		{DF69F46C-7E20-48F2-A346-432E867406E4}.Release|Any CPU.ActiveCfg = Release|Any CPU
		{DF69F46C-7E20-48F2-A346-432E867406E4}.Release|Any CPU.Build.0 = Release|Any CPU
		{73ED3322-1A11-482E-B507-010103614ADA}.Debug|Any CPU.ActiveCfg = Debug|Any CPU
		{73ED3322-1A11-482E-B507-010103614ADA}.Debug|Any CPU.Build.0 = Debug|Any CPU
		{73ED3322-1A11-482E-B507-010103614ADA}.Release|Any CPU.ActiveCfg = Release|Any CPU
		{73ED3322-1A11-482E-B507-010103614ADA}.Release|Any CPU.Build.0 = Release|Any CPU
		{89977F4E-7F31-4681-B1A8-54E07205493B}.Debug|Any CPU.ActiveCfg = Debug|Any CPU
		{89977F4E-7F31-4681-B1A8-54E07205493B}.Debug|Any CPU.Build.0 = Debug|Any CPU
		{89977F4E-7F31-4681-B1A8-54E07205493B}.Release|Any CPU.ActiveCfg = Release|Any CPU
		{89977F4E-7F31-4681-B1A8-54E07205493B}.Release|Any CPU.Build.0 = Release|Any CPU
		{065719E8-A27E-4020-B598-34EED2E7C5DD}.Debug|Any CPU.ActiveCfg = Debug|Any CPU
		{065719E8-A27E-4020-B598-34EED2E7C5DD}.Debug|Any CPU.Build.0 = Debug|Any CPU
		{065719E8-A27E-4020-B598-34EED2E7C5DD}.Release|Any CPU.ActiveCfg = Release|Any CPU
		{065719E8-A27E-4020-B598-34EED2E7C5DD}.Release|Any CPU.Build.0 = Release|Any CPU
	EndGlobalSection
	GlobalSection(SolutionProperties) = preSolution
		HideSolutionNode = FALSE
	EndGlobalSection
	GlobalSection(NestedProjects) = preSolution
		{24EF04B0-BC9B-4B93-8682-A17A14FDDB82} = {0CCA33DD-6323-4A3D-BA4F-B0E0C5BEAB0A}
		{1A5A372A-EDD9-4FE2-ACCB-BE0D118C8F22} = {24EF04B0-BC9B-4B93-8682-A17A14FDDB82}
		{21101194-02CF-4723-9782-84698854109C} = {8B7ED084-941F-469D-89D8-B77372C69108}
		{80DDA869-02B7-4B32-89EF-B5284570A97E} = {84C47476-34DD-4101-8EB8-8DBB884E70B4}
		{8BFCF10D-847F-44D7-B6AD-F7A870B001F5} = {0CCA33DD-6323-4A3D-BA4F-B0E0C5BEAB0A}
		{A55EEEF5-4A23-4C9B-B714-5FBCB3F0996C} = {8BFCF10D-847F-44D7-B6AD-F7A870B001F5}
		{2A359502-5CFD-4EBD-AB37-601D36B03D33} = {0CCA33DD-6323-4A3D-BA4F-B0E0C5BEAB0A}
		{B42DA365-3281-4D9F-9F5D-07ADA51DF381} = {2A359502-5CFD-4EBD-AB37-601D36B03D33}
		{9E3CD978-2D90-40C4-9745-DFF7D8FAB28C} = {0CCA33DD-6323-4A3D-BA4F-B0E0C5BEAB0A}
		{85CC7EB7-9969-4210-B581-66E6951371D7} = {9E3CD978-2D90-40C4-9745-DFF7D8FAB28C}
		{365C6176-E152-4BE1-A783-2F536625EC3B} = {0CCA33DD-6323-4A3D-BA4F-B0E0C5BEAB0A}
		{B89A6647-15A7-4996-98AE-E262344DEF6D} = {365C6176-E152-4BE1-A783-2F536625EC3B}
		{6864B806-192D-4A85-BA24-814258E98FC7} = {365C6176-E152-4BE1-A783-2F536625EC3B}
		{7700BCBF-3D18-40E1-A97A-90E0CD98F977} = {365C6176-E152-4BE1-A783-2F536625EC3B}
		{DF69F46C-7E20-48F2-A346-432E867406E4} = {365C6176-E152-4BE1-A783-2F536625EC3B}
		{73ED3322-1A11-482E-B507-010103614ADA} = {365C6176-E152-4BE1-A783-2F536625EC3B}
		{9DFE43E9-B3E4-4CD9-94D5-8EE2241B5D94} = {0CCA33DD-6323-4A3D-BA4F-B0E0C5BEAB0A}
		{89977F4E-7F31-4681-B1A8-54E07205493B} = {9DFE43E9-B3E4-4CD9-94D5-8EE2241B5D94}
		{065719E8-A27E-4020-B598-34EED2E7C5DD} = {27BBD002-0C07-48AE-A1B2-966DA20A474E}
	EndGlobalSection
	GlobalSection(ExtensibilityGlobals) = postSolution
		SolutionGuid = {6A6AE5CC-9A45-41D4-998E-E625A56B0B5D}
	EndGlobalSection
EndGlobal
